# This file is automatically @generated by Cargo.
# It is not intended for manual editing.
version = 3

[[package]]
name = "arbitrary"
version = "1.3.2"
source = "registry+https://github.com/rust-lang/crates.io-index"
checksum = "7d5a26814d8dcb93b0e5a0ff3c6d80a8843bafb21b39e8e18a6f05471870e110"

[[package]]
name = "cc"
version = "1.1.7"
source = "registry+https://github.com/rust-lang/crates.io-index"
checksum = "26a5c3fd7bfa1ce3897a3a3501d362b2d87b7f2583ebcb4a949ec25911025cbc"
dependencies = [
 "jobserver",
 "libc",
]

[[package]]
name = "decaf-parser"
version = "0.0.0"
dependencies = [
 "decaf-parser-visitable-derive",
 "derive-debug-extras",
 "derive-enum-from-into",
 "derive-finite-automaton",
 "derive-partial-eq-extras",
 "enum-variants-strings",
 "enum_variant_type",
 "iterator-endiate",
 "self-rust-tokenize",
 "source-map",
 "temporary-annex",
 "tokenizer-lib",
]

[[package]]
name = "decaf-parser-fuzz"
version = "0.0.0"
dependencies = [
 "decaf-parser",
 "libfuzzer-sys",
 "pretty_assertions",
]

[[package]]
name = "decaf-parser-visitable-derive"
version = "0.0.0"
dependencies = [
 "syn-helpers 0.4.5",
]

[[package]]
name = "derive-debug-extras"
version = "0.2.2"
source = "registry+https://github.com/rust-lang/crates.io-index"
checksum = "f0e7a68c77a933db6b8907154fbd45f15f6ccc11f796b00b04354b8899d9d131"
dependencies = [
 "syn-helpers 0.4.5",
]

[[package]]
name = "derive-enum-from-into"
version = "0.1.1"
source = "registry+https://github.com/rust-lang/crates.io-index"
checksum = "adc2a1b7c0031fb651e9bc1fa4255da82747c187b9ac1dc36b3783d71fadd9d5"
dependencies = [
 "proc-macro2",
 "quote",
 "syn 1.0.109",
]

[[package]]
name = "derive-finite-automaton"
version = "0.1.3"
source = "registry+https://github.com/rust-lang/crates.io-index"
checksum = "a18c3334a02026fc281427161fea9dacbf650d8b7b01e35a7cf445403c318221"
dependencies = [
 "derive-finite-automaton-derive",
]

[[package]]
name = "derive-finite-automaton-derive"
version = "0.1.3"
source = "registry+https://github.com/rust-lang/crates.io-index"
checksum = "d4bb462e792fda597bc05207ebf41948ff8e7c5a6ab737bd5c75286193fc3613"
dependencies = [
 "either_n",
 "proc-macro2",
 "quote",
 "syn 1.0.109",
]

[[package]]
name = "derive-partial-eq-extras"
version = "0.1.2"
source = "registry+https://github.com/rust-lang/crates.io-index"
checksum = "98494f2b89f1fa56b5cff4c1a4beb84441d51b5042fb74a403a7d01ab5fd4a19"
dependencies = [
 "syn 1.0.109",
 "syn-helpers 0.4.5",
]

[[package]]
name = "diff"
version = "0.1.13"
source = "registry+https://github.com/rust-lang/crates.io-index"
checksum = "56254986775e3233ffa9c4d7d3faaf6d36a2c09d30b20687e9f88bc8bafc16c8"

[[package]]
name = "either_n"
version = "0.2.0"
source = "registry+https://github.com/rust-lang/crates.io-index"
checksum = "4c91ae510829160d5cfb19eb4ae7b6e01d44b767ca8f727c6cee936e53cc9ae5"

[[package]]
name = "enum-variants-strings"
version = "0.2.3"
source = "registry+https://github.com/rust-lang/crates.io-index"
checksum = "208ec1cfed58007d641f74552a523a405cd374417ec65ba01fb89ab2796054a1"
dependencies = [
 "enum-variants-strings-derive",
]

[[package]]
name = "enum-variants-strings-derive"
version = "0.2.4"
source = "registry+https://github.com/rust-lang/crates.io-index"
checksum = "4acea45431925e008a911e3fded23d302c9eb81493e7b9cae0c5aa29a9342a5a"
dependencies = [
 "either_n",
 "proc-macro2",
 "quote",
 "string-cases",
 "syn 1.0.109",
]

[[package]]
name = "enum_variant_type"
version = "0.3.1"
source = "registry+https://github.com/rust-lang/crates.io-index"
checksum = "f7b4d0447be46f06039b1e13c5c77df8d9f9f37fa5fab578a1827b8f136aab64"
dependencies = [
 "proc-macro2",
 "proc_macro_roids",
 "quote",
 "syn 1.0.109",
]

[[package]]
name = "iterator-endiate"
version = "0.1.0"
source = "registry+https://github.com/rust-lang/crates.io-index"
checksum = "5cfeef3929ed54a0312797e6e75a9a962df67a30beda87029387e810e61a44cc"

[[package]]
name = "jobserver"
version = "0.1.32"
source = "registry+https://github.com/rust-lang/crates.io-index"
checksum = "48d1dbcbbeb6a7fec7e059840aa538bd62aaccf972c7346c4d9d2059312853d0"
dependencies = [
 "libc",
]

[[package]]
name = "lazy_static"
version = "1.5.0"
source = "registry+https://github.com/rust-lang/crates.io-index"
checksum = "bbd2bcb4c963f2ddae06a2efc7e9f3591312473c50c6685e1f298068316e66fe"

[[package]]
name = "libc"
version = "0.2.155"
source = "registry+https://github.com/rust-lang/crates.io-index"
checksum = "97b3888a4aecf77e811145cadf6eef5901f4782c53886191b2f693f24761847c"

[[package]]
name = "libfuzzer-sys"
version = "0.4.7"
source = "registry+https://github.com/rust-lang/crates.io-index"
checksum = "a96cfd5557eb82f2b83fed4955246c988d331975a002961b07c81584d107e7f7"
dependencies = [
 "arbitrary",
 "cc",
 "once_cell",
]

[[package]]
name = "once_cell"
version = "1.19.0"
source = "registry+https://github.com/rust-lang/crates.io-index"
checksum = "3fdb12b2476b595f9358c5161aa467c2438859caa136dec86c26fdd2efe17b92"

[[package]]
name = "pretty_assertions"
version = "1.4.0"
source = "registry+https://github.com/rust-lang/crates.io-index"
checksum = "af7cee1a6c8a5b9208b3cb1061f10c0cb689087b3d8ce85fb9d2dd7a29b6ba66"
dependencies = [
 "diff",
 "yansi",
]

[[package]]
name = "proc-macro2"
version = "1.0.86"
source = "registry+https://github.com/rust-lang/crates.io-index"
checksum = "5e719e8df665df0d1c8fbfd238015744736151d4445ec0836b8e628aae103b77"
dependencies = [
 "unicode-ident",
]

[[package]]
name = "proc_macro_roids"
version = "0.7.0"
source = "registry+https://github.com/rust-lang/crates.io-index"
checksum = "06675fa2c577f52bcf77fbb511123927547d154faa08097cc012c66ec3c9611a"
dependencies = [
 "proc-macro2",
 "quote",
 "syn 1.0.109",
]

[[package]]
name = "quote"
version = "1.0.36"
source = "registry+https://github.com/rust-lang/crates.io-index"
checksum = "0fa76aaf39101c457836aec0ce2316dbdc3ab723cdda1c6bd4e6ad4208acaca7"
dependencies = [
 "proc-macro2",
]

[[package]]
name = "self-rust-tokenize"
version = "0.3.4"
source = "registry+https://github.com/rust-lang/crates.io-index"
checksum = "45c3191133be4b3e5c19f3a9f23efb784e982060373c0f3c9f3362fcfcb5d1e6"
dependencies = [
 "proc-macro2",
 "quote",
 "self-rust-tokenize-derive",
]

[[package]]
name = "self-rust-tokenize-derive"
version = "0.3.4"
source = "registry+https://github.com/rust-lang/crates.io-index"
checksum = "0f0d9ce060439c2bc0821a7e8b3123ee1743bebd88101a9357c3405010ed7826"
dependencies = [
 "syn-helpers 0.5.0",
]

[[package]]
name = "serde"
version = "1.0.204"
source = "registry+https://github.com/rust-lang/crates.io-index"
checksum = "bc76f558e0cbb2a839d37354c575f1dc3fdc6546b5be373ba43d95f231bf7c12"
dependencies = [
 "serde_derive",
]

[[package]]
name = "serde_derive"
version = "1.0.204"
source = "registry+https://github.com/rust-lang/crates.io-index"
checksum = "e0cd7e117be63d3c3678776753929474f3b04a43a080c744d6b0ae2a8c28e222"
dependencies = [
 "proc-macro2",
 "quote",
 "syn 2.0.72",
]

[[package]]
name = "source-map"
version = "0.11.3"
source = "registry+https://github.com/rust-lang/crates.io-index"
checksum = "ef719fab974d0ad7d0f888be47f711355c528fc2d28731d08bd59be1d6bd313b"
dependencies = [
 "lazy_static",
 "self-rust-tokenize",
 "serde",
]

[[package]]
name = "string-cases"
version = "0.2.0"
source = "registry+https://github.com/rust-lang/crates.io-index"
checksum = "a31d23461f9e0fbe756cf9d5a36be93740fe12c8b094409a5f78f0f912ee2b6f"

[[package]]
name = "syn"
version = "1.0.109"
source = "registry+https://github.com/rust-lang/crates.io-index"
checksum = "72b64191b275b66ffe2469e8af2c1cfe3bafa67b529ead792a6d0160888b4237"
dependencies = [
 "proc-macro2",
 "quote",
 "unicode-ident",
]

[[package]]
name = "syn"
version = "2.0.72"
source = "registry+https://github.com/rust-lang/crates.io-index"
checksum = "dc4b9b9bf2add8093d3f2c0204471e951b2285580335de42f9d2534f3ae7a8af"
dependencies = [
 "proc-macro2",
 "quote",
 "unicode-ident",
]

[[package]]
name = "syn-helpers"
version = "0.4.5"
source = "registry+https://github.com/rust-lang/crates.io-index"
checksum = "2a2919350d44e7bdba75bf541da7a15c415a84fea1c823f37f0c48a6b0133639"
dependencies = [
 "either_n",
 "proc-macro2",
 "quote",
 "syn 1.0.109",
]

[[package]]
name = "syn-helpers"
version = "0.5.0"
source = "registry+https://github.com/rust-lang/crates.io-index"
checksum = "59c391dcee7e7a1efd7dc921922b97b4be54129a195b6baec95bb2a223203d9d"
dependencies = [
 "either_n",
 "proc-macro2",
 "quote",
 "syn 2.0.72",
]

[[package]]
name = "temporary-annex"
version = "0.1.0"
source = "registry+https://github.com/rust-lang/crates.io-index"
checksum = "7e9c16d33fb2759286102fa235fd7029a8de2c2961165b2942c9cac81607a044"

[[package]]
name = "tokenizer-lib"
version = "1.6.0"
source = "registry+https://github.com/rust-lang/crates.io-index"
checksum = "54d3d4f6575cd226038dbe804ec4b0e142e1cfe5db49c526c0147d71aea3467f"

[[package]]
name = "unicode-ident"
version = "1.0.12"
source = "registry+https://github.com/rust-lang/crates.io-index"
checksum = "3354b9ac3fae1ff6755cb6db53683adb661634f67557942dea4facebec0fee4b"

[[package]]
name = "yansi"
version = "0.5.1"
source = "registry+https://github.com/rust-lang/crates.io-index"
checksum = "09041cd90cf85f7f8b2df60c646f853b7f535ce68f85244eb6731cf89fa498ec"
